
Microsoft Visual Studio Solution File, Format Version 12.00
# Visual Studio Version 16
VisualStudioVersion = 16.0.32228.343
MinimumVisualStudioVersion = 10.0.40219.1
Project("{FAE04EC0-301F-11D3-BF4B-00C04F79EFBC}") = "PharmacyManagementSystem", "PharmacyManagementSystem\PharmacyManagementSystem.csproj", "{158E1705-691D-4220-BAC3-47D8D98650D3}"
EndProject
Global
	GlobalSection(SolutionConfigurationPlatforms) = preSolution
		Debug|Any CPU = Debug|Any CPU
		Release|Any CPU = Release|Any CPU
	EndGlobalSection
	GlobalSection(ProjectConfigurationPlatforms) = postSolution
		{158E1705-691D-4220-BAC3-47D8D98650D3}.Debug|Any CPU.ActiveCfg = Debug|Any CPU
		{158E1705-691D-4220-BAC3-47D8D98650D3}.Debug|Any CPU.Build.0 = Debug|Any CPU
		{158E1705-691D-4220-BAC3-47D8D98650D3}.Release|Any CPU.ActiveCfg = Release|Any CPU
		{158E1705-691D-4220-BAC3-47D8D98650D3}.Release|Any CPU.Build.0 = Release|Any CPU
	EndGlobalSection
	GlobalSection(SolutionProperties) = preSolution
		HideSolutionNode = FALSE
	EndGlobalSection
	GlobalSection(ExtensibilityGlobals) = postSolution
		SolutionGuid = {5C52EB7A-3894-4659-9D6A-63CAF69D212C}
	EndGlobalSection
EndGlobal
